
Microsoft Visual Studio Solution File, Format Version 12.00
# Visual Studio Version 16
VisualStudioVersion = 16.0.29519.87
MinimumVisualStudioVersion = 10.0.40219.1
Project("{FAE04EC0-301F-11D3-BF4B-00C04F79EFBC}") = "Konferencia", "Konferencia\Konferencia.csproj", "{45322DF3-108D-44AB-9699-E8A730A49427}"
EndProject
Global
	GlobalSection(SolutionConfigurationPlatforms) = preSolution
		Debug|Any CPU = Debug|Any CPU
		Release|Any CPU = Release|Any CPU
	EndGlobalSection
	GlobalSection(ProjectConfigurationPlatforms) = postSolution
		{45322DF3-108D-44AB-9699-E8A730A49427}.Debug|Any CPU.ActiveCfg = Debug|Any CPU
		{45322DF3-108D-44AB-9699-E8A730A49427}.Debug|Any CPU.Build.0 = Debug|Any CPU
		{45322DF3-108D-44AB-9699-E8A730A49427}.Release|Any CPU.ActiveCfg = Release|Any CPU
		{45322DF3-108D-44AB-9699-E8A730A49427}.Release|Any CPU.Build.0 = Release|Any CPU
	EndGlobalSection
	GlobalSection(SolutionProperties) = preSolution
		HideSolutionNode = FALSE
	EndGlobalSection
	GlobalSection(ExtensibilityGlobals) = postSolution
		SolutionGuid = {7126F367-40D8-4249-8D5F-082BDBB575F9}
	EndGlobalSection
EndGlobal
